
Microsoft Visual Studio Solution File, Format Version 12.00
# Visual Studio Version 16
VisualStudioVersion = 25.0.1706.11
MinimumVisualStudioVersion = 10.0.40219.1
Project("{FAE04EC0-301F-11D3-BF4B-00C04F79EFBC}") = "PP_CuentaGanado", "PP_CuentaGanado\PP_CuentaGanado.csproj", "{3EA301F2-AC84-407F-B7CC-337D798AEA68}"
EndProject
Project("{FAE04EC0-301F-11D3-BF4B-00C04F79EFBC}") = "Consola", "Consola\Consola.csproj", "{BFC417CD-67B8-4FBB-B556-AFB2E496057C}"
EndProject
Global
	GlobalSection(SolutionConfigurationPlatforms) = preSolution
		Debug|Any CPU = Debug|Any CPU
		Release|Any CPU = Release|Any CPU
	EndGlobalSection
	GlobalSection(ProjectConfigurationPlatforms) = postSolution
		{3EA301F2-AC84-407F-B7CC-337D798AEA68}.Debug|Any CPU.ActiveCfg = Debug|Any CPU
		{3EA301F2-AC84-407F-B7CC-337D798AEA68}.Debug|Any CPU.Build.0 = Debug|Any CPU
		{3EA301F2-AC84-407F-B7CC-337D798AEA68}.Release|Any CPU.ActiveCfg = Release|Any CPU
		{3EA301F2-AC84-407F-B7CC-337D798AEA68}.Release|Any CPU.Build.0 = Release|Any CPU
		{BFC417CD-67B8-4FBB-B556-AFB2E496057C}.Debug|Any CPU.ActiveCfg = Debug|Any CPU
		{BFC417CD-67B8-4FBB-B556-AFB2E496057C}.Debug|Any CPU.Build.0 = Debug|Any CPU
		{BFC417CD-67B8-4FBB-B556-AFB2E496057C}.Release|Any CPU.ActiveCfg = Release|Any CPU
		{BFC417CD-67B8-4FBB-B556-AFB2E496057C}.Release|Any CPU.Build.0 = Release|Any CPU
	EndGlobalSection
	GlobalSection(SolutionProperties) = preSolution
		HideSolutionNode = FALSE
	EndGlobalSection
	GlobalSection(ExtensibilityGlobals) = postSolution
		SolutionGuid = {82DD9186-424C-444A-A034-2A29ABB2B12F}
	EndGlobalSection
EndGlobal
