
Microsoft Visual Studio Solution File, Format Version 12.00
# Visual Studio Version 16
VisualStudioVersion = 25.0.1706.11
MinimumVisualStudioVersion = 10.0.40219.1
Project("{FAE04EC0-301F-11D3-BF4B-00C04F79EFBC}") = "Ej34_AutomovilMotoCamion", "Ej34_AutomovilMotoCamion\Ej34_AutomovilMotoCamion.csproj", "{70A73D5B-0135-45CA-9FB2-52218582595C}"
EndProject
Global
	GlobalSection(SolutionConfigurationPlatforms) = preSolution
		Debug|Any CPU = Debug|Any CPU
		Release|Any CPU = Release|Any CPU
	EndGlobalSection
	GlobalSection(ProjectConfigurationPlatforms) = postSolution
		{70A73D5B-0135-45CA-9FB2-52218582595C}.Debug|Any CPU.ActiveCfg = Debug|Any CPU
		{70A73D5B-0135-45CA-9FB2-52218582595C}.Debug|Any CPU.Build.0 = Debug|Any CPU
		{70A73D5B-0135-45CA-9FB2-52218582595C}.Release|Any CPU.ActiveCfg = Release|Any CPU
		{70A73D5B-0135-45CA-9FB2-52218582595C}.Release|Any CPU.Build.0 = Release|Any CPU
	EndGlobalSection
	GlobalSection(SolutionProperties) = preSolution
		HideSolutionNode = FALSE
	EndGlobalSection
	GlobalSection(ExtensibilityGlobals) = postSolution
		SolutionGuid = {4D9D5ACE-30A6-4115-84E3-5B26210897E6}
	EndGlobalSection
EndGlobal
