
Microsoft Visual Studio Solution File, Format Version 12.00
# Visual Studio Version 16
VisualStudioVersion = 25.0.1706.11
MinimumVisualStudioVersion = 10.0.40219.1
Project("{FAE04EC0-301F-11D3-BF4B-00C04F79EFBC}") = "EjemplosListasColecciones", "EjemplosListasColecciones\EjemplosListasColecciones.csproj", "{774855AA-A5A2-46CD-8B2E-71942953D524}"
EndProject
Global
	GlobalSection(SolutionConfigurationPlatforms) = preSolution
		Debug|Any CPU = Debug|Any CPU
		Release|Any CPU = Release|Any CPU
	EndGlobalSection
	GlobalSection(ProjectConfigurationPlatforms) = postSolution
		{774855AA-A5A2-46CD-8B2E-71942953D524}.Debug|Any CPU.ActiveCfg = Debug|Any CPU
		{774855AA-A5A2-46CD-8B2E-71942953D524}.Debug|Any CPU.Build.0 = Debug|Any CPU
		{774855AA-A5A2-46CD-8B2E-71942953D524}.Release|Any CPU.ActiveCfg = Release|Any CPU
		{774855AA-A5A2-46CD-8B2E-71942953D524}.Release|Any CPU.Build.0 = Release|Any CPU
	EndGlobalSection
	GlobalSection(SolutionProperties) = preSolution
		HideSolutionNode = FALSE
	EndGlobalSection
	GlobalSection(ExtensibilityGlobals) = postSolution
		SolutionGuid = {BA9F16BF-EE53-477C-81D5-FD9AFB444D0A}
	EndGlobalSection
EndGlobal
