
Microsoft Visual Studio Solution File, Format Version 12.00
# Visual Studio Version 17
VisualStudioVersion = 17.9.34728.123
MinimumVisualStudioVersion = 10.0.40219.1
Project("{FAE04EC0-301F-11D3-BF4B-00C04F79EFBC}") = "Ej17_Boligrafo", "Ej17_Boligrafo\Ej17_Boligrafo.csproj", "{194BF427-A0E1-45DA-B573-7E6698804695}"
EndProject
Global
	GlobalSection(SolutionConfigurationPlatforms) = preSolution
		Debug|Any CPU = Debug|Any CPU
		Release|Any CPU = Release|Any CPU
	EndGlobalSection
	GlobalSection(ProjectConfigurationPlatforms) = postSolution
		{194BF427-A0E1-45DA-B573-7E6698804695}.Debug|Any CPU.ActiveCfg = Debug|Any CPU
		{194BF427-A0E1-45DA-B573-7E6698804695}.Debug|Any CPU.Build.0 = Debug|Any CPU
		{194BF427-A0E1-45DA-B573-7E6698804695}.Release|Any CPU.ActiveCfg = Release|Any CPU
		{194BF427-A0E1-45DA-B573-7E6698804695}.Release|Any CPU.Build.0 = Release|Any CPU
	EndGlobalSection
	GlobalSection(SolutionProperties) = preSolution
		HideSolutionNode = FALSE
	EndGlobalSection
	GlobalSection(ExtensibilityGlobals) = postSolution
		SolutionGuid = {4D47A127-9E7B-4B14-9D22-12CA7F162757}
	EndGlobalSection
EndGlobal
