
Microsoft Visual Studio Solution File, Format Version 12.00
# Visual Studio Version 16
VisualStudioVersion = 25.0.1706.11
MinimumVisualStudioVersion = 10.0.40219.1
Project("{FAE04EC0-301F-11D3-BF4B-00C04F79EFBC}") = "MagiasEnumerados", "MagiasEnumerados\MagiasEnumerados.csproj", "{2086F333-0558-4961-9587-411B407FC292}"
EndProject
Global
	GlobalSection(SolutionConfigurationPlatforms) = preSolution
		Debug|Any CPU = Debug|Any CPU
		Release|Any CPU = Release|Any CPU
	EndGlobalSection
	GlobalSection(ProjectConfigurationPlatforms) = postSolution
		{2086F333-0558-4961-9587-411B407FC292}.Debug|Any CPU.ActiveCfg = Debug|Any CPU
		{2086F333-0558-4961-9587-411B407FC292}.Debug|Any CPU.Build.0 = Debug|Any CPU
		{2086F333-0558-4961-9587-411B407FC292}.Release|Any CPU.ActiveCfg = Release|Any CPU
		{2086F333-0558-4961-9587-411B407FC292}.Release|Any CPU.Build.0 = Release|Any CPU
	EndGlobalSection
	GlobalSection(SolutionProperties) = preSolution
		HideSolutionNode = FALSE
	EndGlobalSection
	GlobalSection(ExtensibilityGlobals) = postSolution
		SolutionGuid = {D064657F-24DB-48AF-9407-3572CA502878}
	EndGlobalSection
EndGlobal
