
Microsoft Visual Studio Solution File, Format Version 12.00
# Visual Studio Version 16
VisualStudioVersion = 25.0.1706.10
MinimumVisualStudioVersion = 10.0.40219.1
Project("{FAE04EC0-301F-11D3-BF4B-00C04F79EFBC}") = "Biblioteca", "Biblioteca\Biblioteca.csproj", "{2DDCFB1C-6667-4B87-A080-7D09B9817AC7}"
EndProject
Global
	GlobalSection(SolutionConfigurationPlatforms) = preSolution
		Debug|Any CPU = Debug|Any CPU
		Release|Any CPU = Release|Any CPU
	EndGlobalSection
	GlobalSection(ProjectConfigurationPlatforms) = postSolution
		{2DDCFB1C-6667-4B87-A080-7D09B9817AC7}.Debug|Any CPU.ActiveCfg = Debug|Any CPU
		{2DDCFB1C-6667-4B87-A080-7D09B9817AC7}.Debug|Any CPU.Build.0 = Debug|Any CPU
		{2DDCFB1C-6667-4B87-A080-7D09B9817AC7}.Release|Any CPU.ActiveCfg = Release|Any CPU
		{2DDCFB1C-6667-4B87-A080-7D09B9817AC7}.Release|Any CPU.Build.0 = Release|Any CPU
	EndGlobalSection
	GlobalSection(SolutionProperties) = preSolution
		HideSolutionNode = FALSE
	EndGlobalSection
	GlobalSection(ExtensibilityGlobals) = postSolution
		SolutionGuid = {4540C5F3-B0F0-482F-A7E3-E1633296C961}
	EndGlobalSection
EndGlobal
