
Microsoft Visual Studio Solution File, Format Version 12.00
# Visual Studio Version 16
VisualStudioVersion = 25.0.1706.10
MinimumVisualStudioVersion = 10.0.40219.1
Project("{FAE04EC0-301F-11D3-BF4B-00C04F79EFBC}") = "EJ02_ErrorAlCubo", "EJ02_ErrorAlCubo\EJ02_ErrorAlCubo.csproj", "{55964C4F-9FF1-44A5-9C5B-1F2930212F03}"
EndProject
Global
	GlobalSection(SolutionConfigurationPlatforms) = preSolution
		Debug|Any CPU = Debug|Any CPU
		Release|Any CPU = Release|Any CPU
	EndGlobalSection
	GlobalSection(ProjectConfigurationPlatforms) = postSolution
		{55964C4F-9FF1-44A5-9C5B-1F2930212F03}.Debug|Any CPU.ActiveCfg = Debug|Any CPU
		{55964C4F-9FF1-44A5-9C5B-1F2930212F03}.Debug|Any CPU.Build.0 = Debug|Any CPU
		{55964C4F-9FF1-44A5-9C5B-1F2930212F03}.Release|Any CPU.ActiveCfg = Release|Any CPU
		{55964C4F-9FF1-44A5-9C5B-1F2930212F03}.Release|Any CPU.Build.0 = Release|Any CPU
	EndGlobalSection
	GlobalSection(SolutionProperties) = preSolution
		HideSolutionNode = FALSE
	EndGlobalSection
	GlobalSection(ExtensibilityGlobals) = postSolution
		SolutionGuid = {C50DF47D-0315-45DF-A43B-6A173FFC4394}
	EndGlobalSection
EndGlobal
